<?xml version="1.0" encoding="utf-8"?>
<Project ToolsVersion="4.0" xmlns="http://schemas.microsoft.com/developer/msbuild/2003">
  <ItemGroup>
    <Filter Include="Source Files">
      <UniqueIdentifier>{4FC737F1-C7A5-4376-A066-2A32D752A2FA}</UniqueIdentifier>
      <Extensions>cpp;c;cc;cxx;def;odl;idl;hpj;bat;asm;asmx</Extensions>
    </Filter>
    <Filter Include="Header Files">
      <UniqueIdentifier>{93995380-89BD-4b04-88EB-625FBE52EBFA}</UniqueIdentifier>
      <Extensions>h;hh;hpp;hxx;hm;inl;inc;ipp;xsd</Extensions>
    </Filter>
    <Filter Include="Source Files\base">
      <UniqueIdentifier>{3759ec0e-ae36-4bd1-9c27-f6a55af9403c}</UniqueIdentifier>
    </Filter>
    <Filter Include="Source Files\container">
      <UniqueIdentifier>{ece5a183-5834-45c1-b4e9-29cda1bbeb7b}</UniqueIdentifier>
    </Filter>
    <Filter Include="Source Files\crc">
      <UniqueIdentifier>{f31078cd-16f3-47b3-bd55-f13eed05a76e}</UniqueIdentifier>
    </Filter>
    <Filter Include="Source Files\debugging">
      <UniqueIdentifier>{f2c01472-1c88-4192-8122-7e83d23e0688}</UniqueIdentifier>
    </Filter>
    <Filter Include="Source Files\flags">
      <UniqueIdentifier>{92c5503c-af0b-4581-84e8-20da5cd7f9b6}</UniqueIdentifier>
    </Filter>
    <Filter Include="Source Files\hash">
      <UniqueIdentifier>{a977c89b-2a17-4588-ac59-17bdfbdea566}</UniqueIdentifier>
    </Filter>
    <Filter Include="Source Files\log">
      <UniqueIdentifier>{637eb9db-62bb-4f9d-8044-fe70290586dd}</UniqueIdentifier>
    </Filter>
    <Filter Include="Source Files\numeric">
      <UniqueIdentifier>{939ea950-32ab-4e89-9499-20800502eee0}</UniqueIdentifier>
    </Filter>
    <Filter Include="Source Files\profiling">
      <UniqueIdentifier>{f528ab99-7915-43f5-b127-7980dbaed154}</UniqueIdentifier>
    </Filter>
    <Filter Include="Source Files\random">
      <UniqueIdentifier>{8014039f-a931-4cc7-b9a1-6bd36164da91}</UniqueIdentifier>
    </Filter>
    <Filter Include="Source Files\status">
      <UniqueIdentifier>{bf738fe8-257f-4534-aee8-b3713c08724e}</UniqueIdentifier>
    </Filter>
    <Filter Include="Source Files\strings">
      <UniqueIdentifier>{446aced6-00d0-414d-810d-53c98dd51df2}</UniqueIdentifier>
    </Filter>
    <Filter Include="Source Files\synchronization">
      <UniqueIdentifier>{32ece168-7428-42d5-9c72-1721e1dd47ef}</UniqueIdentifier>
    </Filter>
    <Filter Include="Source Files\time">
      <UniqueIdentifier>{04b84cd4-d7df-4c79-b86c-fef03b5eead1}</UniqueIdentifier>
    </Filter>
  </ItemGroup>
  <ItemGroup>
    <ClCompile Include="..\absl\base\internal\cycleclock.cc">
      <Filter>Source Files\base</Filter>
    </ClCompile>
    <ClCompile Include="..\absl\base\internal\low_level_alloc.cc">
      <Filter>Source Files\base</Filter>
    </ClCompile>
    <ClCompile Include="..\absl\base\internal\raw_logging.cc">
      <Filter>Source Files\base</Filter>
    </ClCompile>
    <ClCompile Include="..\absl\base\internal\scoped_set_env.cc">
      <Filter>Source Files\base</Filter>
    </ClCompile>
    <ClCompile Include="..\absl\base\internal\spinlock.cc">
      <Filter>Source Files\base</Filter>
    </ClCompile>
    <ClCompile Include="..\absl\base\internal\spinlock_wait.cc">
      <Filter>Source Files\base</Filter>
    </ClCompile>
    <ClCompile Include="..\absl\base\internal\strerror.cc">
      <Filter>Source Files\base</Filter>
    </ClCompile>
    <ClCompile Include="..\absl\base\internal\sysinfo.cc">
      <Filter>Source Files\base</Filter>
    </ClCompile>
    <ClCompile Include="..\absl\base\internal\thread_identity.cc">
      <Filter>Source Files\base</Filter>
    </ClCompile>
    <ClCompile Include="..\absl\base\internal\throw_delegate.cc">
      <Filter>Source Files\base</Filter>
    </ClCompile>
    <ClCompile Include="..\absl\base\internal\unscaledcycleclock.cc">
      <Filter>Source Files\base</Filter>
    </ClCompile>
    <ClCompile Include="..\absl\base\log_severity.cc">
      <Filter>Source Files\base</Filter>
    </ClCompile>
    <ClCompile Include="..\absl\container\internal\hashtablez_sampler.cc">
      <Filter>Source Files\container</Filter>
    </ClCompile>
    <ClCompile Include="..\absl\container\internal\hashtablez_sampler_force_weak_definition.cc">
      <Filter>Source Files\container</Filter>
    </ClCompile>
    <ClCompile Include="..\absl\container\internal\raw_hash_set.cc">
      <Filter>Source Files\container</Filter>
    </ClCompile>
    <ClCompile Include="..\absl\crc\crc32c.cc">
      <Filter>Source Files\crc</Filter>
    </ClCompile>
    <ClCompile Include="..\absl\crc\internal\cpu_detect.cc">
      <Filter>Source Files\crc</Filter>
    </ClCompile>
    <ClCompile Include="..\absl\crc\internal\crc.cc">
      <Filter>Source Files\crc</Filter>
    </ClCompile>
    <ClCompile Include="..\absl\crc\internal\crc_cord_state.cc">
      <Filter>Source Files\crc</Filter>
    </ClCompile>
    <ClCompile Include="..\absl\crc\internal\crc_memcpy_fallback.cc">
      <Filter>Source Files\crc</Filter>
    </ClCompile>
    <ClCompile Include="..\absl\crc\internal\crc_memcpy_x86_arm_combined.cc">
      <Filter>Source Files\crc</Filter>
    </ClCompile>
    <ClCompile Include="..\absl\crc\internal\crc_non_temporal_memcpy.cc">
      <Filter>Source Files\crc</Filter>
    </ClCompile>
    <ClCompile Include="..\absl\crc\internal\crc_x86_arm_combined.cc">
      <Filter>Source Files\crc</Filter>
    </ClCompile>
    <ClCompile Include="..\absl\debugging\failure_signal_handler.cc">
      <Filter>Source Files\debugging</Filter>
    </ClCompile>
    <ClCompile Include="..\absl\debugging\internal\address_is_readable.cc">
      <Filter>Source Files\debugging</Filter>
    </ClCompile>
    <ClCompile Include="..\absl\debugging\internal\demangle.cc">
      <Filter>Source Files\debugging</Filter>
    </ClCompile>
    <ClCompile Include="..\absl\debugging\internal\elf_mem_image.cc">
      <Filter>Source Files\debugging</Filter>
    </ClCompile>
    <ClCompile Include="..\absl\debugging\internal\examine_stack.cc">
      <Filter>Source Files\debugging</Filter>
    </ClCompile>
    <ClCompile Include="..\absl\debugging\internal\vdso_support.cc">
      <Filter>Source Files\debugging</Filter>
    </ClCompile>
    <ClCompile Include="..\absl\debugging\leak_check.cc">
      <Filter>Source Files\debugging</Filter>
    </ClCompile>
    <ClCompile Include="..\absl\debugging\stacktrace.cc">
      <Filter>Source Files\debugging</Filter>
    </ClCompile>
    <ClCompile Include="..\absl\debugging\symbolize.cc">
      <Filter>Source Files\debugging</Filter>
    </ClCompile>
    <ClCompile Include="..\absl\flags\commandlineflag.cc">
      <Filter>Source Files\flags</Filter>
    </ClCompile>
    <ClCompile Include="..\absl\flags\internal\commandlineflag-internal.cc">
      <Filter>Source Files\flags</Filter>
    </ClCompile>
    <ClCompile Include="..\absl\flags\internal\flag.cc">
      <Filter>Source Files\flags</Filter>
    </ClCompile>
    <ClCompile Include="..\absl\flags\internal\private_handle_accessor.cc">
      <Filter>Source Files\flags</Filter>
    </ClCompile>
    <ClCompile Include="..\absl\flags\internal\program_name.cc">
      <Filter>Source Files\flags</Filter>
    </ClCompile>
    <ClCompile Include="..\absl\flags\internal\usage-internal.cc">
      <Filter>Source Files\flags</Filter>
    </ClCompile>
    <ClCompile Include="..\absl\flags\marshalling.cc">
      <Filter>Source Files\flags</Filter>
    </ClCompile>
    <ClCompile Include="..\absl\flags\parse.cc">
      <Filter>Source Files\flags</Filter>
    </ClCompile>
    <ClCompile Include="..\absl\flags\reflection.cc">
      <Filter>Source Files\flags</Filter>
    </ClCompile>
    <ClCompile Include="..\absl\flags\usage.cc">
      <Filter>Source Files\flags</Filter>
    </ClCompile>
    <ClCompile Include="..\absl\flags\usage_config.cc">
      <Filter>Source Files\flags</Filter>
    </ClCompile>
    <ClCompile Include="..\absl\hash\internal\city.cc">
      <Filter>Source Files\hash</Filter>
    </ClCompile>
    <ClCompile Include="..\absl\hash\internal\low_level_hash.cc">
      <Filter>Source Files\hash</Filter>
    </ClCompile>
    <ClCompile Include="..\absl\log\die_if_null.cc">
      <Filter>Source Files\log</Filter>
    </ClCompile>
    <ClCompile Include="..\absl\log\flags.cc">
      <Filter>Source Files\log</Filter>
    </ClCompile>
    <ClCompile Include="..\absl\log\globals.cc">
      <Filter>Source Files\log</Filter>
    </ClCompile>
    <ClCompile Include="..\absl\log\initialize.cc">
      <Filter>Source Files\log</Filter>
    </ClCompile>
    <ClCompile Include="..\absl\log\internal\check_op.cc">
      <Filter>Source Files\log</Filter>
    </ClCompile>
    <ClCompile Include="..\absl\log\internal\conditions.cc">
      <Filter>Source Files\log</Filter>
    </ClCompile>
    <ClCompile Include="..\absl\log\internal\fnmatch.cc">
      <Filter>Source Files\log</Filter>
    </ClCompile>
    <ClCompile Include="..\absl\log\internal\globals-internal.cc">
      <Filter>Source Files\log</Filter>
    </ClCompile>
    <ClCompile Include="..\absl\log\internal\log_message.cc">
      <Filter>Source Files\log</Filter>
    </ClCompile>
    <ClCompile Include="..\absl\log\internal\log_sink_set.cc">
      <Filter>Source Files\log</Filter>
    </ClCompile>
    <ClCompile Include="..\absl\log\internal\nullguard.cc">
      <Filter>Source Files\log</Filter>
    </ClCompile>
    <ClCompile Include="..\absl\log\internal\proto.cc">
      <Filter>Source Files\log</Filter>
    </ClCompile>
    <ClCompile Include="..\absl\log\internal\structured_proto.cc">
      <Filter>Source Files\log</Filter>
    </ClCompile>
    <ClCompile Include="..\absl\log\internal\vlog_config.cc">
      <Filter>Source Files\log</Filter>
    </ClCompile>
    <ClCompile Include="..\absl\log\log_sink.cc">
      <Filter>Source Files\log</Filter>
    </ClCompile>
    <ClCompile Include="..\absl\numeric\int128.cc">
      <Filter>Source Files\numeric</Filter>
    </ClCompile>
    <ClCompile Include="..\absl\profiling\internal\exponential_biased.cc">
      <Filter>Source Files\profiling</Filter>
    </ClCompile>
    <ClCompile Include="..\absl\profiling\internal\periodic_sampler.cc">
      <Filter>Source Files\profiling</Filter>
    </ClCompile>
    <ClCompile Include="..\absl\random\discrete_distribution.cc">
      <Filter>Source Files\random</Filter>
    </ClCompile>
    <ClCompile Include="..\absl\random\gaussian_distribution.cc">
      <Filter>Source Files\random</Filter>
    </ClCompile>
    <ClCompile Include="..\absl\random\internal\chi_square.cc">
      <Filter>Source Files\random</Filter>
    </ClCompile>
    <ClCompile Include="..\absl\random\internal\distribution_test_util.cc">
      <Filter>Source Files\random</Filter>
    </ClCompile>
    <ClCompile Include="..\absl\random\internal\entropy_pool.cc">
      <Filter>Source Files\random</Filter>
    </ClCompile>
    <ClCompile Include="..\absl\random\internal\randen.cc">
      <Filter>Source Files\random</Filter>
    </ClCompile>
    <ClCompile Include="..\absl\random\internal\randen_detect.cc">
      <Filter>Source Files\random</Filter>
    </ClCompile>
    <ClCompile Include="..\absl\random\internal\randen_hwaes.cc">
      <Filter>Source Files\random</Filter>
    </ClCompile>
    <ClCompile Include="..\absl\random\internal\randen_round_keys.cc">
      <Filter>Source Files\random</Filter>
    </ClCompile>
    <ClCompile Include="..\absl\random\internal\randen_slow.cc">
      <Filter>Source Files\random</Filter>
    </ClCompile>
    <ClCompile Include="..\absl\random\internal\seed_material.cc">
      <Filter>Source Files\random</Filter>
    </ClCompile>
    <ClCompile Include="..\absl\random\seed_gen_exception.cc">
      <Filter>Source Files\random</Filter>
    </ClCompile>
    <ClCompile Include="..\absl\random\seed_sequences.cc">
      <Filter>Source Files\random</Filter>
    </ClCompile>
    <ClCompile Include="..\absl\status\internal\status_internal.cc">
      <Filter>Source Files\status</Filter>
    </ClCompile>
    <ClCompile Include="..\absl\status\status.cc">
      <Filter>Source Files\status</Filter>
    </ClCompile>
    <ClCompile Include="..\absl\status\statusor.cc">
      <Filter>Source Files\status</Filter>
    </ClCompile>
    <ClCompile Include="..\absl\status\status_payload_printer.cc">
      <Filter>Source Files\status</Filter>
    </ClCompile>
    <ClCompile Include="..\absl\strings\ascii.cc">
      <Filter>Source Files\strings</Filter>
    </ClCompile>
    <ClCompile Include="..\absl\strings\charconv.cc">
      <Filter>Source Files\strings</Filter>
    </ClCompile>
    <ClCompile Include="..\absl\strings\cord.cc">
      <Filter>Source Files\strings</Filter>
    </ClCompile>
    <ClCompile Include="..\absl\strings\cord_analysis.cc">
      <Filter>Source Files\strings</Filter>
    </ClCompile>
    <ClCompile Include="..\absl\strings\escaping.cc">
      <Filter>Source Files\strings</Filter>
    </ClCompile>
    <ClCompile Include="..\absl\strings\internal\charconv_bigint.cc">
      <Filter>Source Files\strings</Filter>
    </ClCompile>
    <ClCompile Include="..\absl\strings\internal\charconv_parse.cc">
      <Filter>Source Files\strings</Filter>
    </ClCompile>
    <ClCompile Include="..\absl\strings\internal\cordz_functions.cc">
      <Filter>Source Files\strings</Filter>
    </ClCompile>
    <ClCompile Include="..\absl\strings\internal\cordz_handle.cc">
      <Filter>Source Files\strings</Filter>
    </ClCompile>
    <ClCompile Include="..\absl\strings\internal\cordz_info.cc">
      <Filter>Source Files\strings</Filter>
    </ClCompile>
    <ClCompile Include="..\absl\strings\internal\cordz_sample_token.cc">
      <Filter>Source Files\strings</Filter>
    </ClCompile>
    <ClCompile Include="..\absl\strings\internal\cord_internal.cc">
      <Filter>Source Files\strings</Filter>
    </ClCompile>
    <ClCompile Include="..\absl\strings\internal\cord_rep_btree.cc">
      <Filter>Source Files\strings</Filter>
    </ClCompile>
    <ClCompile Include="..\absl\strings\internal\cord_rep_btree_navigator.cc">
      <Filter>Source Files\strings</Filter>
    </ClCompile>
    <ClCompile Include="..\absl\strings\internal\cord_rep_btree_reader.cc">
      <Filter>Source Files\strings</Filter>
    </ClCompile>
    <ClCompile Include="..\absl\strings\internal\cord_rep_consume.cc">
      <Filter>Source Files\strings</Filter>
    </ClCompile>
    <ClCompile Include="..\absl\strings\internal\cord_rep_crc.cc">
      <Filter>Source Files\strings</Filter>
    </ClCompile>
    <ClCompile Include="..\absl\strings\internal\damerau_levenshtein_distance.cc">
      <Filter>Source Files\strings</Filter>
    </ClCompile>
    <ClCompile Include="..\absl\strings\internal\escaping-internal.cc">
      <Filter>Source Files\strings</Filter>
    </ClCompile>
    <ClCompile Include="..\absl\strings\internal\memutil.cc">
      <Filter>Source Files\strings</Filter>
    </ClCompile>
    <ClCompile Include="..\absl\strings\internal\ostringstream.cc">
      <Filter>Source Files\strings</Filter>
    </ClCompile>
    <ClCompile Include="..\absl\strings\internal\stringify_sink.cc">
      <Filter>Source Files\strings</Filter>
    </ClCompile>
    <ClCompile Include="..\absl\strings\internal\str_format\arg.cc">
      <Filter>Source Files\strings</Filter>
    </ClCompile>
    <ClCompile Include="..\absl\strings\internal\str_format\bind.cc">
      <Filter>Source Files\strings</Filter>
    </ClCompile>
    <ClCompile Include="..\absl\strings\internal\str_format\extension.cc">
      <Filter>Source Files\strings</Filter>
    </ClCompile>
    <ClCompile Include="..\absl\strings\internal\str_format\float_conversion.cc">
      <Filter>Source Files\strings</Filter>
    </ClCompile>
    <ClCompile Include="..\absl\strings\internal\str_format\output.cc">
      <Filter>Source Files\strings</Filter>
    </ClCompile>
    <ClCompile Include="..\absl\strings\internal\str_format\parser.cc">
      <Filter>Source Files\strings</Filter>
    </ClCompile>
    <ClCompile Include="..\absl\strings\internal\utf8.cc">
      <Filter>Source Files\strings</Filter>
    </ClCompile>
    <ClCompile Include="..\absl\strings\match.cc">
      <Filter>Source Files\strings</Filter>
    </ClCompile>
    <ClCompile Include="..\absl\strings\numbers.cc">
      <Filter>Source Files\strings</Filter>
    </ClCompile>
    <ClCompile Include="..\absl\strings\string_view.cc">
      <Filter>Source Files\strings</Filter>
    </ClCompile>
    <ClCompile Include="..\absl\strings\str_cat.cc">
      <Filter>Source Files\strings</Filter>
    </ClCompile>
    <ClCompile Include="..\absl\strings\str_replace.cc">
      <Filter>Source Files\strings</Filter>
    </ClCompile>
    <ClCompile Include="..\absl\strings\str_split.cc">
      <Filter>Source Files\strings</Filter>
    </ClCompile>
    <ClCompile Include="..\absl\strings\substitute.cc">
      <Filter>Source Files\strings</Filter>
    </ClCompile>
    <ClCompile Include="..\absl\synchronization\barrier.cc">
      <Filter>Source Files\synchronization</Filter>
    </ClCompile>
    <ClCompile Include="..\absl\synchronization\blocking_counter.cc">
      <Filter>Source Files\synchronization</Filter>
    </ClCompile>
    <ClCompile Include="..\absl\synchronization\internal\create_thread_identity.cc">
      <Filter>Source Files\synchronization</Filter>
    </ClCompile>
    <ClCompile Include="..\absl\synchronization\internal\futex_waiter.cc">
      <Filter>Source Files\synchronization</Filter>
    </ClCompile>
    <ClCompile Include="..\absl\synchronization\internal\graphcycles.cc">
      <Filter>Source Files\synchronization</Filter>
    </ClCompile>
    <ClCompile Include="..\absl\synchronization\internal\kernel_timeout.cc">
      <Filter>Source Files\synchronization</Filter>
    </ClCompile>
    <ClCompile Include="..\absl\synchronization\internal\per_thread_sem.cc">
      <Filter>Source Files\synchronization</Filter>
    </ClCompile>
    <ClCompile Include="..\absl\synchronization\internal\pthread_waiter.cc">
      <Filter>Source Files\synchronization</Filter>
    </ClCompile>
    <ClCompile Include="..\absl\synchronization\internal\sem_waiter.cc">
      <Filter>Source Files\synchronization</Filter>
    </ClCompile>
    <ClCompile Include="..\absl\synchronization\internal\stdcpp_waiter.cc">
      <Filter>Source Files\synchronization</Filter>
    </ClCompile>
    <ClCompile Include="..\absl\synchronization\internal\waiter_base.cc">
      <Filter>Source Files\synchronization</Filter>
    </ClCompile>
    <ClCompile Include="..\absl\synchronization\internal\win32_waiter.cc">
      <Filter>Source Files\synchronization</Filter>
    </ClCompile>
    <ClCompile Include="..\absl\synchronization\mutex.cc">
      <Filter>Source Files\synchronization</Filter>
    </ClCompile>
    <ClCompile Include="..\absl\synchronization\notification.cc">
      <Filter>Source Files\synchronization</Filter>
    </ClCompile>
    <ClCompile Include="..\absl\time\civil_time.cc">
      <Filter>Source Files\time</Filter>
    </ClCompile>
    <ClCompile Include="..\absl\time\clock.cc">
      <Filter>Source Files\time</Filter>
    </ClCompile>
    <ClCompile Include="..\absl\time\duration.cc">
      <Filter>Source Files\time</Filter>
    </ClCompile>
    <ClCompile Include="..\absl\time\format.cc">
      <Filter>Source Files\time</Filter>
    </ClCompile>
    <ClCompile Include="..\absl\time\internal\cctz\src\civil_time_detail.cc">
      <Filter>Source Files\time</Filter>
    </ClCompile>
    <ClCompile Include="..\absl\time\internal\cctz\src\time_zone_fixed.cc">
      <Filter>Source Files\time</Filter>
    </ClCompile>
    <ClCompile Include="..\absl\time\internal\cctz\src\time_zone_format.cc">
      <Filter>Source Files\time</Filter>
    </ClCompile>
    <ClCompile Include="..\absl\time\internal\cctz\src\time_zone_if.cc">
      <Filter>Source Files\time</Filter>
    </ClCompile>
    <ClCompile Include="..\absl\time\internal\cctz\src\time_zone_impl.cc">
      <Filter>Source Files\time</Filter>
    </ClCompile>
    <ClCompile Include="..\absl\time\internal\cctz\src\time_zone_info.cc">
      <Filter>Source Files\time</Filter>
    </ClCompile>
    <ClCompile Include="..\absl\time\internal\cctz\src\time_zone_libc.cc">
      <Filter>Source Files\time</Filter>
    </ClCompile>
    <ClCompile Include="..\absl\time\internal\cctz\src\time_zone_lookup.cc">
      <Filter>Source Files\time</Filter>
    </ClCompile>
    <ClCompile Include="..\absl\time\internal\cctz\src\time_zone_posix.cc">
      <Filter>Source Files\time</Filter>
    </ClCompile>
    <ClCompile Include="..\absl\time\internal\cctz\src\zone_info_source.cc">
      <Filter>Source Files\time</Filter>
    </ClCompile>
    <ClCompile Include="..\absl\time\time.cc">
      <Filter>Source Files\time</Filter>
    </ClCompile>
  </ItemGroup>
</Project>